
Microsoft Visual Studio Solution File, Format Version 12.00
# Visual Studio 15
VisualStudioVersion = 15.0.28307.271
MinimumVisualStudioVersion = 10.0.40219.1
Project("{9A19103F-16F7-4668-BE54-9A1E7A4F7556}") = "AzureIoT.WebAPI", "AzureIoT.WebAPI\AzureIoT.WebAPI.csproj", "{29A66F57-2F63-4232-B44C-D818216B2BC8}"
EndProject
Project("{9A19103F-16F7-4668-BE54-9A1E7A4F7556}") = "AzureIoT.WebAPI.Resources", "AzureIoT.WebAPI.Resources\AzureIoT.WebAPI.Resources.csproj", "{87C52368-EF61-47E0-AAFB-1DA00356E9B8}"
EndProject
Project("{9A19103F-16F7-4668-BE54-9A1E7A4F7556}") = "AzureIoT.WebAPI.Services", "AzureIoT.WebAPI.Services\AzureIoT.WebAPI.Services.csproj", "{D2127945-B4FF-4761-A599-09A57CFDF911}"
EndProject
Project("{9A19103F-16F7-4668-BE54-9A1E7A4F7556}") = "AzureIoT.WebAPI.Data", "AzureIoT.WebAPI.Data\AzureIoT.WebAPI.Data.csproj", "{DBB6D4EE-26A6-4A50-A1A4-E8160D8ECD62}"
EndProject
Global
	GlobalSection(SolutionConfigurationPlatforms) = preSolution
		Debug|Any CPU = Debug|Any CPU
		Release|Any CPU = Release|Any CPU
	EndGlobalSection
	GlobalSection(ProjectConfigurationPlatforms) = postSolution
		{29A66F57-2F63-4232-B44C-D818216B2BC8}.Debug|Any CPU.ActiveCfg = Debug|Any CPU
		{29A66F57-2F63-4232-B44C-D818216B2BC8}.Debug|Any CPU.Build.0 = Debug|Any CPU
		{29A66F57-2F63-4232-B44C-D818216B2BC8}.Release|Any CPU.ActiveCfg = Release|Any CPU
		{29A66F57-2F63-4232-B44C-D818216B2BC8}.Release|Any CPU.Build.0 = Release|Any CPU
		{87C52368-EF61-47E0-AAFB-1DA00356E9B8}.Debug|Any CPU.ActiveCfg = Debug|Any CPU
		{87C52368-EF61-47E0-AAFB-1DA00356E9B8}.Debug|Any CPU.Build.0 = Debug|Any CPU
		{87C52368-EF61-47E0-AAFB-1DA00356E9B8}.Release|Any CPU.ActiveCfg = Release|Any CPU
		{87C52368-EF61-47E0-AAFB-1DA00356E9B8}.Release|Any CPU.Build.0 = Release|Any CPU
		{D2127945-B4FF-4761-A599-09A57CFDF911}.Debug|Any CPU.ActiveCfg = Debug|Any CPU
		{D2127945-B4FF-4761-A599-09A57CFDF911}.Debug|Any CPU.Build.0 = Debug|Any CPU
		{D2127945-B4FF-4761-A599-09A57CFDF911}.Release|Any CPU.ActiveCfg = Release|Any CPU
		{D2127945-B4FF-4761-A599-09A57CFDF911}.Release|Any CPU.Build.0 = Release|Any CPU
		{DBB6D4EE-26A6-4A50-A1A4-E8160D8ECD62}.Debug|Any CPU.ActiveCfg = Debug|Any CPU
		{DBB6D4EE-26A6-4A50-A1A4-E8160D8ECD62}.Debug|Any CPU.Build.0 = Debug|Any CPU
		{DBB6D4EE-26A6-4A50-A1A4-E8160D8ECD62}.Release|Any CPU.ActiveCfg = Release|Any CPU
		{DBB6D4EE-26A6-4A50-A1A4-E8160D8ECD62}.Release|Any CPU.Build.0 = Release|Any CPU
	EndGlobalSection
	GlobalSection(SolutionProperties) = preSolution
		HideSolutionNode = FALSE
	EndGlobalSection
	GlobalSection(ExtensibilityGlobals) = postSolution
		SolutionGuid = {CF69000A-CF6C-4A9B-82BC-F506E2CF54B3}
	EndGlobalSection
EndGlobal
