
Microsoft Visual Studio Solution File, Format Version 12.00
# Visual Studio 15
VisualStudioVersion = 15.0.28307.271
MinimumVisualStudioVersion = 10.0.40219.1
Project("{FAE04EC0-301F-11D3-BF4B-00C04F79EFBC}") = "AzureIoT.UWP", "AzureIoT.UWP\AzureIoT.UWP.csproj", "{30B6354C-F52D-4086-A253-45F2CEE25569}"
EndProject
Project("{9A19103F-16F7-4668-BE54-9A1E7A4F7556}") = "AzureIoT.UWP.Data", "AzureIoT.UWP.Data\AzureIoT.UWP.Data.csproj", "{48A0C9D9-7BFE-49CD-82F5-F8223AECC7DB}"
EndProject
Project("{FAE04EC0-301F-11D3-BF4B-00C04F79EFBC}") = "AzureIoT.UWP.Core", "AzureIoT.UWP.Core\AzureIoT.UWP.Core.csproj", "{0611F52E-7BD1-4348-A4E4-58B2AD58D216}"
EndProject
Global
	GlobalSection(SolutionConfigurationPlatforms) = preSolution
		Debug|Any CPU = Debug|Any CPU
		Debug|ARM = Debug|ARM
		Debug|ARM64 = Debug|ARM64
		Debug|x64 = Debug|x64
		Debug|x86 = Debug|x86
		Release|Any CPU = Release|Any CPU
		Release|ARM = Release|ARM
		Release|ARM64 = Release|ARM64
		Release|x64 = Release|x64
		Release|x86 = Release|x86
	EndGlobalSection
	GlobalSection(ProjectConfigurationPlatforms) = postSolution
		{30B6354C-F52D-4086-A253-45F2CEE25569}.Debug|Any CPU.ActiveCfg = Debug|x86
		{30B6354C-F52D-4086-A253-45F2CEE25569}.Debug|ARM.ActiveCfg = Debug|ARM
		{30B6354C-F52D-4086-A253-45F2CEE25569}.Debug|ARM.Build.0 = Debug|ARM
		{30B6354C-F52D-4086-A253-45F2CEE25569}.Debug|ARM.Deploy.0 = Debug|ARM
		{30B6354C-F52D-4086-A253-45F2CEE25569}.Debug|ARM64.ActiveCfg = Debug|ARM64
		{30B6354C-F52D-4086-A253-45F2CEE25569}.Debug|ARM64.Build.0 = Debug|ARM64
		{30B6354C-F52D-4086-A253-45F2CEE25569}.Debug|ARM64.Deploy.0 = Debug|ARM64
		{30B6354C-F52D-4086-A253-45F2CEE25569}.Debug|x64.ActiveCfg = Debug|x64
		{30B6354C-F52D-4086-A253-45F2CEE25569}.Debug|x64.Build.0 = Debug|x64
		{30B6354C-F52D-4086-A253-45F2CEE25569}.Debug|x64.Deploy.0 = Debug|x64
		{30B6354C-F52D-4086-A253-45F2CEE25569}.Debug|x86.ActiveCfg = Debug|x86
		{30B6354C-F52D-4086-A253-45F2CEE25569}.Debug|x86.Build.0 = Debug|x86
		{30B6354C-F52D-4086-A253-45F2CEE25569}.Debug|x86.Deploy.0 = Debug|x86
		{30B6354C-F52D-4086-A253-45F2CEE25569}.Release|Any CPU.ActiveCfg = Release|x86
		{30B6354C-F52D-4086-A253-45F2CEE25569}.Release|ARM.ActiveCfg = Release|ARM
		{30B6354C-F52D-4086-A253-45F2CEE25569}.Release|ARM.Build.0 = Release|ARM
		{30B6354C-F52D-4086-A253-45F2CEE25569}.Release|ARM.Deploy.0 = Release|ARM
		{30B6354C-F52D-4086-A253-45F2CEE25569}.Release|ARM64.ActiveCfg = Release|ARM64
		{30B6354C-F52D-4086-A253-45F2CEE25569}.Release|ARM64.Build.0 = Release|ARM64
		{30B6354C-F52D-4086-A253-45F2CEE25569}.Release|ARM64.Deploy.0 = Release|ARM64
		{30B6354C-F52D-4086-A253-45F2CEE25569}.Release|x64.ActiveCfg = Release|x64
		{30B6354C-F52D-4086-A253-45F2CEE25569}.Release|x64.Build.0 = Release|x64
		{30B6354C-F52D-4086-A253-45F2CEE25569}.Release|x64.Deploy.0 = Release|x64
		{30B6354C-F52D-4086-A253-45F2CEE25569}.Release|x86.ActiveCfg = Release|x86
		{30B6354C-F52D-4086-A253-45F2CEE25569}.Release|x86.Build.0 = Release|x86
		{30B6354C-F52D-4086-A253-45F2CEE25569}.Release|x86.Deploy.0 = Release|x86
		{48A0C9D9-7BFE-49CD-82F5-F8223AECC7DB}.Debug|Any CPU.ActiveCfg = Debug|Any CPU
		{48A0C9D9-7BFE-49CD-82F5-F8223AECC7DB}.Debug|Any CPU.Build.0 = Debug|Any CPU
		{48A0C9D9-7BFE-49CD-82F5-F8223AECC7DB}.Debug|ARM.ActiveCfg = Debug|Any CPU
		{48A0C9D9-7BFE-49CD-82F5-F8223AECC7DB}.Debug|ARM.Build.0 = Debug|Any CPU
		{48A0C9D9-7BFE-49CD-82F5-F8223AECC7DB}.Debug|ARM64.ActiveCfg = Debug|Any CPU
		{48A0C9D9-7BFE-49CD-82F5-F8223AECC7DB}.Debug|ARM64.Build.0 = Debug|Any CPU
		{48A0C9D9-7BFE-49CD-82F5-F8223AECC7DB}.Debug|x64.ActiveCfg = Debug|Any CPU
		{48A0C9D9-7BFE-49CD-82F5-F8223AECC7DB}.Debug|x64.Build.0 = Debug|Any CPU
		{48A0C9D9-7BFE-49CD-82F5-F8223AECC7DB}.Debug|x86.ActiveCfg = Debug|Any CPU
		{48A0C9D9-7BFE-49CD-82F5-F8223AECC7DB}.Debug|x86.Build.0 = Debug|Any CPU
		{48A0C9D9-7BFE-49CD-82F5-F8223AECC7DB}.Release|Any CPU.ActiveCfg = Release|Any CPU
		{48A0C9D9-7BFE-49CD-82F5-F8223AECC7DB}.Release|Any CPU.Build.0 = Release|Any CPU
		{48A0C9D9-7BFE-49CD-82F5-F8223AECC7DB}.Release|ARM.ActiveCfg = Release|Any CPU
		{48A0C9D9-7BFE-49CD-82F5-F8223AECC7DB}.Release|ARM.Build.0 = Release|Any CPU
		{48A0C9D9-7BFE-49CD-82F5-F8223AECC7DB}.Release|ARM64.ActiveCfg = Release|Any CPU
		{48A0C9D9-7BFE-49CD-82F5-F8223AECC7DB}.Release|ARM64.Build.0 = Release|Any CPU
		{48A0C9D9-7BFE-49CD-82F5-F8223AECC7DB}.Release|x64.ActiveCfg = Release|Any CPU
		{48A0C9D9-7BFE-49CD-82F5-F8223AECC7DB}.Release|x64.Build.0 = Release|Any CPU
		{48A0C9D9-7BFE-49CD-82F5-F8223AECC7DB}.Release|x86.ActiveCfg = Release|Any CPU
		{48A0C9D9-7BFE-49CD-82F5-F8223AECC7DB}.Release|x86.Build.0 = Release|Any CPU
		{0611F52E-7BD1-4348-A4E4-58B2AD58D216}.Debug|Any CPU.ActiveCfg = Debug|Any CPU
		{0611F52E-7BD1-4348-A4E4-58B2AD58D216}.Debug|Any CPU.Build.0 = Debug|Any CPU
		{0611F52E-7BD1-4348-A4E4-58B2AD58D216}.Debug|ARM.ActiveCfg = Debug|Any CPU
		{0611F52E-7BD1-4348-A4E4-58B2AD58D216}.Debug|ARM.Build.0 = Debug|Any CPU
		{0611F52E-7BD1-4348-A4E4-58B2AD58D216}.Debug|ARM64.ActiveCfg = Debug|Any CPU
		{0611F52E-7BD1-4348-A4E4-58B2AD58D216}.Debug|ARM64.Build.0 = Debug|Any CPU
		{0611F52E-7BD1-4348-A4E4-58B2AD58D216}.Debug|x64.ActiveCfg = Debug|Any CPU
		{0611F52E-7BD1-4348-A4E4-58B2AD58D216}.Debug|x64.Build.0 = Debug|Any CPU
		{0611F52E-7BD1-4348-A4E4-58B2AD58D216}.Debug|x86.ActiveCfg = Debug|Any CPU
		{0611F52E-7BD1-4348-A4E4-58B2AD58D216}.Debug|x86.Build.0 = Debug|Any CPU
		{0611F52E-7BD1-4348-A4E4-58B2AD58D216}.Release|Any CPU.ActiveCfg = Release|Any CPU
		{0611F52E-7BD1-4348-A4E4-58B2AD58D216}.Release|Any CPU.Build.0 = Release|Any CPU
		{0611F52E-7BD1-4348-A4E4-58B2AD58D216}.Release|ARM.ActiveCfg = Release|Any CPU
		{0611F52E-7BD1-4348-A4E4-58B2AD58D216}.Release|ARM.Build.0 = Release|Any CPU
		{0611F52E-7BD1-4348-A4E4-58B2AD58D216}.Release|ARM64.ActiveCfg = Release|Any CPU
		{0611F52E-7BD1-4348-A4E4-58B2AD58D216}.Release|ARM64.Build.0 = Release|Any CPU
		{0611F52E-7BD1-4348-A4E4-58B2AD58D216}.Release|x64.ActiveCfg = Release|Any CPU
		{0611F52E-7BD1-4348-A4E4-58B2AD58D216}.Release|x64.Build.0 = Release|Any CPU
		{0611F52E-7BD1-4348-A4E4-58B2AD58D216}.Release|x86.ActiveCfg = Release|Any CPU
		{0611F52E-7BD1-4348-A4E4-58B2AD58D216}.Release|x86.Build.0 = Release|Any CPU
	EndGlobalSection
	GlobalSection(SolutionProperties) = preSolution
		HideSolutionNode = FALSE
	EndGlobalSection
	GlobalSection(ExtensibilityGlobals) = postSolution
		SolutionGuid = {F119E7B6-0F25-4800-87F9-7E886A728167}
	EndGlobalSection
EndGlobal
